// !$*UTF8*$!
{
	archiveVersion = 1;
	classes = {
	};
	objectVersion = 48;
	objects = {

/* Begin PBXBuildFile section */
		BF600250201856E200810F38 /* AppDelegate.swift in Sources */ = {isa = PBXBuildFile; fileRef = BF60024F201856E200810F38 /* AppDelegate.swift */; };
		BF600252201856E200810F38 /* ViewController.swift in Sources */ = {isa = PBXBuildFile; fileRef = BF600251201856E200810F38 /* ViewController.swift */; };
		BF600255201856E200810F38 /* Main.storyboard in Resources */ = {isa = PBXBuildFile; fileRef = BF600253201856E200810F38 /* Main.storyboard */; };
		BF600257201856E200810F38 /* Assets.xcassets in Resources */ = {isa = PBXBuildFile; fileRef = BF600256201856E200810F38 /* Assets.xcassets */; };
		BF60025A201856E200810F38 /* LaunchScreen.storyboard in Resources */ = {isa = PBXBuildFile; fileRef = BF600258201856E200810F38 /* LaunchScreen.storyboard */; };
		BF600265201856E200810F38 /* SnapshotTestingTests.swift in Sources */ = {isa = PBXBuildFile; fileRef = BF600264201856E200810F38 /* SnapshotTestingTests.swift */; };
/* End PBXBuildFile section */

/* Begin PBXContainerItemProxy section */
		BF600261201856E200810F38 /* PBXContainerItemProxy */ = {
			isa = PBXContainerItemProxy;
			containerPortal = BF600244201856E100810F38 /* Project object */;
			proxyType = 1;
			remoteGlobalIDString = BF60024B201856E100810F38;
			remoteInfo = SnapshotTesting;
		};
/* End PBXContainerItemProxy section */

/* Begin PBXFileReference section */
		BF60024C201856E100810F38 /* SnapshotTesting.app */ = {isa = PBXFileReference; explicitFileType = wrapper.application; includeInIndex = 0; path = SnapshotTesting.app; sourceTree = BUILT_PRODUCTS_DIR; };
		BF60024F201856E200810F38 /* AppDelegate.swift */ = {isa = PBXFileReference; lastKnownFileType = sourcecode.swift; path = AppDelegate.swift; sourceTree = "<group>"; };
		BF600251201856E200810F38 /* ViewController.swift */ = {isa = PBXFileReference; lastKnownFileType = sourcecode.swift; path = ViewController.swift; sourceTree = "<group>"; };
		BF600254201856E200810F38 /* Base */ = {isa = PBXFileReference; lastKnownFileType = file.storyboard; name = Base; path = Base.lproj/Main.storyboard; sourceTree = "<group>"; };
		BF600256201856E200810F38 /* Assets.xcassets */ = {isa = PBXFileReference; lastKnownFileType = folder.assetcatalog; path = Assets.xcassets; sourceTree = "<group>"; };
		BF600259201856E200810F38 /* Base */ = {isa = PBXFileReference; lastKnownFileType = file.storyboard; name = Base; path = Base.lproj/LaunchScreen.storyboard; sourceTree = "<group>"; };
		BF60025B201856E200810F38 /* Info.plist */ = {isa = PBXFileReference; lastKnownFileType = text.plist.xml; path = Info.plist; sourceTree = "<group>"; };
		BF600260201856E200810F38 /* SnapshotTestingTests.xctest */ = {isa = PBXFileReference; explicitFileType = wrapper.cfbundle; includeInIndex = 0; path = SnapshotTestingTests.xctest; sourceTree = BUILT_PRODUCTS_DIR; };
		BF600264201856E200810F38 /* SnapshotTestingTests.swift */ = {isa = PBXFileReference; lastKnownFileType = sourcecode.swift; path = SnapshotTestingTests.swift; sourceTree = "<group>"; };
		BF600266201856E200810F38 /* Info.plist */ = {isa = PBXFileReference; lastKnownFileType = text.plist.xml; path = Info.plist; sourceTree = "<group>"; };
/* End PBXFileReference section */

/* Begin PBXFrameworksBuildPhase section */
		BF600249201856E100810F38 /* Frameworks */ = {
			isa = PBXFrameworksBuildPhase;
			buildActionMask = 2147483647;
			files = (
			);
			runOnlyForDeploymentPostprocessing = 0;
		};
		BF60025D201856E200810F38 /* Frameworks */ = {
			isa = PBXFrameworksBuildPhase;
			buildActionMask = 2147483647;
			files = (
			);
			runOnlyForDeploymentPostprocessing = 0;
		};
/* End PBXFrameworksBuildPhase section */

/* Begin PBXGroup section */
		BF600243201856E100810F38 = {
			isa = PBXGroup;
			children = (
				BF60024E201856E100810F38 /* SnapshotTesting */,
				BF600263201856E200810F38 /* SnapshotTestingTests */,
				BF60024D201856E100810F38 /* Products */,
			);
			sourceTree = "<group>";
		};
		BF60024D201856E100810F38 /* Products */ = {
			isa = PBXGroup;
			children = (
				BF60024C201856E100810F38 /* SnapshotTesting.app */,
				BF600260201856E200810F38 /* SnapshotTestingTests.xctest */,
			);
			name = Products;
			sourceTree = "<group>";
		};
		BF60024E201856E100810F38 /* SnapshotTesting */ = {
			isa = PBXGroup;
			children = (
				BF60024F201856E200810F38 /* AppDelegate.swift */,
				BF600251201856E200810F38 /* ViewController.swift */,
				BF600253201856E200810F38 /* Main.storyboard */,
				BF600256201856E200810F38 /* Assets.xcassets */,
				BF600258201856E200810F38 /* LaunchScreen.storyboard */,
				BF60025B201856E200810F38 /* Info.plist */,
			);
			path = SnapshotTesting;
			sourceTree = "<group>";
		};
		BF600263201856E200810F38 /* SnapshotTestingTests */ = {
			isa = PBXGroup;
			children = (
				BF600264201856E200810F38 /* SnapshotTestingTests.swift */,
				BF600266201856E200810F38 /* Info.plist */,
			);
			path = SnapshotTestingTests;
			sourceTree = "<group>";
		};
/* End PBXGroup section */

/* Begin PBXNativeTarget section */
		BF60024B201856E100810F38 /* SnapshotTesting */ = {
			isa = PBXNativeTarget;
			buildConfigurationList = BF600269201856E200810F38 /* Build configuration list for PBXNativeTarget "SnapshotTesting" */;
			buildPhases = (
				BF600248201856E100810F38 /* Sources */,
				BF600249201856E100810F38 /* Frameworks */,
				BF60024A201856E100810F38 /* Resources */,
			);
			buildRules = (
			);
			dependencies = (
			);
			name = SnapshotTesting;
			productName = SnapshotTesting;
			productReference = BF60024C201856E100810F38 /* SnapshotTesting.app */;
			productType = "com.apple.product-type.application";
		};
		BF60025F201856E200810F38 /* SnapshotTestingTests */ = {
			isa = PBXNativeTarget;
			buildConfigurationList = BF60026C201856E200810F38 /* Build configuration list for PBXNativeTarget "SnapshotTestingTests" */;
			buildPhases = (
				BF60025C201856E200810F38 /* Sources */,
				BF60025D201856E200810F38 /* Frameworks */,
				BF60025E201856E200810F38 /* Resources */,
			);
			buildRules = (
			);
			dependencies = (
				BF600262201856E200810F38 /* PBXTargetDependency */,
			);
			name = SnapshotTestingTests;
			productName = SnapshotTestingTests;
			productReference = BF600260201856E200810F38 /* SnapshotTestingTests.xctest */;
			productType = "com.apple.product-type.bundle.unit-test";
		};
/* End PBXNativeTarget section */

/* Begin PBXProject section */
		BF600244201856E100810F38 /* Project object */ = {
			isa = PBXProject;
			attributes = {
				LastSwiftUpdateCheck = 0920;
				LastUpgradeCheck = 0920;
				ORGANIZATIONNAME = marcos;
				TargetAttributes = {
					BF60024B201856E100810F38 = {
						CreatedOnToolsVersion = 9.2;
						ProvisioningStyle = Automatic;
					};
					BF60025F201856E200810F38 = {
						CreatedOnToolsVersion = 9.2;
						ProvisioningStyle = Automatic;
						TestTargetID = BF60024B201856E100810F38;
					};
				};
			};
			buildConfigurationList = BF600247201856E100810F38 /* Build configuration list for PBXProject "SnapshotTesting" */;
			compatibilityVersion = "Xcode 8.0";
			developmentRegion = en;
			hasScannedForEncodings = 0;
			knownRegions = (
				en,
				Base,
			);
			mainGroup = BF600243201856E100810F38;
			productRefGroup = BF60024D201856E100810F38 /* Products */;
			projectDirPath = "";
			projectRoot = "";
			targets = (
				BF60024B201856E100810F38 /* SnapshotTesting */,
				BF60025F201856E200810F38 /* SnapshotTestingTests */,
			);
		};
/* End PBXProject section */

/* Begin PBXResourcesBuildPhase section */
		BF60024A201856E100810F38 /* Resources */ = {
			isa = PBXResourcesBuildPhase;
			buildActionMask = 2147483647;
			files = (
				BF60025A201856E200810F38 /* LaunchScreen.storyboard in Resources */,
				BF600257201856E200810F38 /* Assets.xcassets in Resources */,
				BF600255201856E200810F38 /* Main.storyboard in Resources */,
			);
			runOnlyForDeploymentPostprocessing = 0;
		};
		BF60025E201856E200810F38 /* Resources */ = {
			isa = PBXResourcesBuildPhase;
			buildActionMask = 2147483647;
			files = (
			);
			runOnlyForDeploymentPostprocessing = 0;
		};
/* End PBXResourcesBuildPhase section */

/* Begin PBXSourcesBuildPhase section */
		BF600248201856E100810F38 /* Sources */ = {
			isa = PBXSourcesBuildPhase;
			buildActionMask = 2147483647;
			files = (
				BF600252201856E200810F38 /* ViewController.swift in Sources */,
				BF600250201856E200810F38 /* AppDelegate.swift in Sources */,
			);
			runOnlyForDeploymentPostprocessing = 0;
		};
		BF60025C201856E200810F38 /* Sources */ = {
			isa = PBXSourcesBuildPhase;
			buildActionMask = 2147483647;
			files = (
				BF600265201856E200810F38 /* SnapshotTestingTests.swift in Sources */,
			);
			runOnlyForDeploymentPostprocessing = 0;
		};
/* End PBXSourcesBuildPhase section */

/* Begin PBXTargetDependency section */
		BF600262201856E200810F38 /* PBXTargetDependency */ = {
			isa = PBXTargetDependency;
			target = BF60024B201856E100810F38 /* SnapshotTesting */;
			targetProxy = BF600261201856E200810F38 /* PBXContainerItemProxy */;
		};
/* End PBXTargetDependency section */

/* Begin PBXVariantGroup section */
		BF600253201856E200810F38 /* Main.storyboard */ = {
			isa = PBXVariantGroup;
			children = (
				BF600254201856E200810F38 /* Base */,
			);
			name = Main.storyboard;
			sourceTree = "<group>";
		};
		BF600258201856E200810F38 /* LaunchScreen.storyboard */ = {
			isa = PBXVariantGroup;
			children = (
				BF600259201856E200810F38 /* Base */,
			);
			name = LaunchScreen.storyboard;
			sourceTree = "<group>";
		};
/* End PBXVariantGroup section */

/* Begin XCBuildConfiguration section */
		BF600267201856E200810F38 /* Debug */ = {
			isa = XCBuildConfiguration;
			buildSettings = {
				ALWAYS_SEARCH_USER_PATHS = NO;
				CLANG_ANALYZER_NONNULL = YES;
				CLANG_ANALYZER_NUMBER_OBJECT_CONVERSION = YES_AGGRESSIVE;
				CLANG_CXX_LANGUAGE_STANDARD = "gnu++14";
				CLANG_CXX_LIBRARY = "libc++";
				CLANG_ENABLE_MODULES = YES;
				CLANG_ENABLE_OBJC_ARC = YES;
				CLANG_WARN_BLOCK_CAPTURE_AUTORELEASING = YES;
				CLANG_WARN_BOOL_CONVERSION = YES;
				CLANG_WARN_COMMA = YES;
				CLANG_WARN_CONSTANT_CONVERSION = YES;
				CLANG_WARN_DIRECT_OBJC_ISA_USAGE = YES_ERROR;
				CLANG_WARN_DOCUMENTATION_COMMENTS = YES;
				CLANG_WARN_EMPTY_BODY = YES;
				CLANG_WARN_ENUM_CONVERSION = YES;
				CLANG_WARN_INFINITE_RECURSION = YES;
				CLANG_WARN_INT_CONVERSION = YES;
				CLANG_WARN_NON_LITERAL_NULL_CONVERSION = YES;
				CLANG_WARN_OBJC_LITERAL_CONVERSION = YES;
				CLANG_WARN_OBJC_ROOT_CLASS = YES_ERROR;
				CLANG_WARN_RANGE_LOOP_ANALYSIS = YES;
				CLANG_WARN_STRICT_PROTOTYPES = YES;
				CLANG_WARN_SUSPICIOUS_MOVE = YES;
				CLANG_WARN_UNGUARDED_AVAILABILITY = YES_AGGRESSIVE;
				CLANG_WARN_UNREACHABLE_CODE = YES;
				CLANG_WARN__DUPLICATE_METHOD_MATCH = YES;
				CODE_SIGN_IDENTITY = "iPhone Developer";
				COPY_PHASE_STRIP = NO;
				DEBUG_INFORMATION_FORMAT = dwarf;
				ENABLE_STRICT_OBJC_MSGSEND = YES;
				ENABLE_TESTABILITY = YES;
				GCC_C_LANGUAGE_STANDARD = gnu11;
				GCC_DYNAMIC_NO_PIC = NO;
				GCC_NO_COMMON_BLOCKS = YES;
				GCC_OPTIMIZATION_LEVEL = 0;
				GCC_PREPROCESSOR_DEFINITIONS = (
					"DEBUG=1",
					"$(inherited)",
				);
				GCC_WARN_64_TO_32_BIT_CONVERSION = YES;
				GCC_WARN_ABOUT_RETURN_TYPE = YES_ERROR;
				GCC_WARN_UNDECLARED_SELECTOR = YES;
				GCC_WARN_UNINITIALIZED_AUTOS = YES_AGGRESSIVE;
				GCC_WARN_UNUSED_FUNCTION = YES;
				GCC_WARN_UNUSED_VARIABLE = YES;
				IPHONEOS_DEPLOYMENT_TARGET = 11.2;
				MTL_ENABLE_DEBUG_INFO = YES;
				ONLY_ACTIVE_ARCH = YES;
				SDKROOT = iphoneos;
				SWIFT_ACTIVE_COMPILATION_CONDITIONS = DEBUG;
				SWIFT_OPTIMIZATION_LEVEL = "-Onone";
			};
			name = Debug;
		};
		BF600268201856E200810F38 /* Release */ = {
			isa = XCBuildConfiguration;
			buildSettings = {
				ALWAYS_SEARCH_USER_PATHS = NO;
				CLANG_ANALYZER_NONNULL = YES;
				CLANG_ANALYZER_NUMBER_OBJECT_CONVERSION = YES_AGGRESSIVE;
				CLANG_CXX_LANGUAGE_STANDARD = "gnu++14";
				CLANG_CXX_LIBRARY = "libc++";
				CLANG_ENABLE_MODULES = YES;
				CLANG_ENABLE_OBJC_ARC = YES;
				CLANG_WARN_BLOCK_CAPTURE_AUTORELEASING = YES;
				CLANG_WARN_BOOL_CONVERSION = YES;
				CLANG_WARN_COMMA = YES;
				CLANG_WARN_CONSTANT_CONVERSION = YES;
				CLANG_WARN_DIRECT_OBJC_ISA_USAGE = YES_ERROR;
				CLANG_WARN_DOCUMENTATION_COMMENTS = YES;
				CLANG_WARN_EMPTY_BODY = YES;
				CLANG_WARN_ENUM_CONVERSION = YES;
				CLANG_WARN_INFINITE_RECURSION = YES;
				CLANG_WARN_INT_CONVERSION = YES;
				CLANG_WARN_NON_LITERAL_NULL_CONVERSION = YES;
				CLANG_WARN_OBJC_LITERAL_CONVERSION = YES;
				CLANG_WARN_OBJC_ROOT_CLASS = YES_ERROR;
				CLANG_WARN_RANGE_LOOP_ANALYSIS = YES;
				CLANG_WARN_STRICT_PROTOTYPES = YES;
				CLANG_WARN_SUSPICIOUS_MOVE = YES;
				CLANG_WARN_UNGUARDED_AVAILABILITY = YES_AGGRESSIVE;
				CLANG_WARN_UNREACHABLE_CODE = YES;
				CLANG_WARN__DUPLICATE_METHOD_MATCH = YES;
				CODE_SIGN_IDENTITY = "iPhone Developer";
				COPY_PHASE_STRIP = NO;
				DEBUG_INFORMATION_FORMAT = "dwarf-with-dsym";
				ENABLE_NS_ASSERTIONS = NO;
				ENABLE_STRICT_OBJC_MSGSEND = YES;
				GCC_C_LANGUAGE_STANDARD = gnu11;
				GCC_NO_COMMON_BLOCKS = YES;
				GCC_WARN_64_TO_32_BIT_CONVERSION = YES;
				GCC_WARN_ABOUT_RETURN_TYPE = YES_ERROR;
				GCC_WARN_UNDECLARED_SELECTOR = YES;
				GCC_WARN_UNINITIALIZED_AUTOS = YES_AGGRESSIVE;
				GCC_WARN_UNUSED_FUNCTION = YES;
				GCC_WARN_UNUSED_VARIABLE = YES;
				IPHONEOS_DEPLOYMENT_TARGET = 11.2;
				MTL_ENABLE_DEBUG_INFO = NO;
				SDKROOT = iphoneos;
				SWIFT_OPTIMIZATION_LEVEL = "-Owholemodule";
				VALIDATE_PRODUCT = YES;
			};
			name = Release;
		};
		BF60026A201856E200810F38 /* Debug */ = {
			isa = XCBuildConfiguration;
			buildSettings = {
				ASSETCATALOG_COMPILER_APPICON_NAME = AppIcon;
				CODE_SIGN_STYLE = Automatic;
				INFOPLIST_FILE = SnapshotTesting/Info.plist;
				LD_RUNPATH_SEARCH_PATHS = "$(inherited) @executable_path/Frameworks";
				PRODUCT_BUNDLE_IDENTIFIER = com.marcos.ios.SnapshotTesting;
				PRODUCT_NAME = "$(TARGET_NAME)";
				SWIFT_VERSION = 4.0;
				TARGETED_DEVICE_FAMILY = "1,2";
			};
			name = Debug;
		};
		BF60026B201856E200810F38 /* Release */ = {
			isa = XCBuildConfiguration;
			buildSettings = {
				ASSETCATALOG_COMPILER_APPICON_NAME = AppIcon;
				CODE_SIGN_STYLE = Automatic;
				INFOPLIST_FILE = SnapshotTesting/Info.plist;
				LD_RUNPATH_SEARCH_PATHS = "$(inherited) @executable_path/Frameworks";
				PRODUCT_BUNDLE_IDENTIFIER = com.marcos.ios.SnapshotTesting;
				PRODUCT_NAME = "$(TARGET_NAME)";
				SWIFT_VERSION = 4.0;
				TARGETED_DEVICE_FAMILY = "1,2";
			};
			name = Release;
		};
		BF60026D201856E200810F38 /* Debug */ = {
			isa = XCBuildConfiguration;
			buildSettings = {
				ALWAYS_EMBED_SWIFT_STANDARD_LIBRARIES = YES;
				BUNDLE_LOADER = "$(TEST_HOST)";
				CODE_SIGN_STYLE = Automatic;
				INFOPLIST_FILE = SnapshotTestingTests/Info.plist;
				LD_RUNPATH_SEARCH_PATHS = "$(inherited) @executable_path/Frameworks @loader_path/Frameworks";
				PRODUCT_BUNDLE_IDENTIFIER = com.marcos.ios.SnapshotTestingTests;
				PRODUCT_NAME = "$(TARGET_NAME)";
				SWIFT_VERSION = 4.0;
				TARGETED_DEVICE_FAMILY = "1,2";
				TEST_HOST = "$(BUILT_PRODUCTS_DIR)/SnapshotTesting.app/SnapshotTesting";
			};
			name = Debug;
		};
		BF60026E201856E200810F38 /* Release */ = {
			isa = XCBuildConfiguration;
			buildSettings = {
				ALWAYS_EMBED_SWIFT_STANDARD_LIBRARIES = YES;
				BUNDLE_LOADER = "$(TEST_HOST)";
				CODE_SIGN_STYLE = Automatic;
				INFOPLIST_FILE = SnapshotTestingTests/Info.plist;
				LD_RUNPATH_SEARCH_PATHS = "$(inherited) @executable_path/Frameworks @loader_path/Frameworks";
				PRODUCT_BUNDLE_IDENTIFIER = com.marcos.ios.SnapshotTestingTests;
				PRODUCT_NAME = "$(TARGET_NAME)";
				SWIFT_VERSION = 4.0;
				TARGETED_DEVICE_FAMILY = "1,2";
				TEST_HOST = "$(BUILT_PRODUCTS_DIR)/SnapshotTesting.app/SnapshotTesting";
			};
			name = Release;
		};
/* End XCBuildConfiguration section */

/* Begin XCConfigurationList section */
		BF600247201856E100810F38 /* Build configuration list for PBXProject "SnapshotTesting" */ = {
			isa = XCConfigurationList;
			buildConfigurations = (
				BF600267201856E200810F38 /* Debug */,
				BF600268201856E200810F38 /* Release */,
			);
			defaultConfigurationIsVisible = 0;
			defaultConfigurationName = Release;
		};
		BF600269201856E200810F38 /* Build configuration list for PBXNativeTarget "SnapshotTesting" */ = {
			isa = XCConfigurationList;
			buildConfigurations = (
				BF60026A201856E200810F38 /* Debug */,
				BF60026B201856E200810F38 /* Release */,
			);
			defaultConfigurationIsVisible = 0;
			defaultConfigurationName = Release;
		};
		BF60026C201856E200810F38 /* Build configuration list for PBXNativeTarget "SnapshotTestingTests" */ = {
			isa = XCConfigurationList;
			buildConfigurations = (
				BF60026D201856E200810F38 /* Debug */,
				BF60026E201856E200810F38 /* Release */,
			);
			defaultConfigurationIsVisible = 0;
			defaultConfigurationName = Release;
		};
/* End XCConfigurationList section */
	};
	rootObject = BF600244201856E100810F38 /* Project object */;
}
